PODS:
  - CSStickyHeaderFlowLayout (0.2.11)

DEPENDENCIES:
  - CSStickyHeaderFlowLayout (from `../`)

EXTERNAL SOURCES:
  CSStickyHeaderFlowLayout:
    :path: ../

SPEC CHECKSUMS:
  CSStickyHeaderFlowLayout: e9bcb1762413f49d7d09e5bd0ae5efd1100116b7

PODFILE CHECKSUM: 7409a29c8514e002db08e10d9fec55a4387e38e8

COCOAPODS: 1.1.1
